{
    "_readme": [
        "This file locks the dependencies of your project to a known state",
        "Read more about it at https://getcomposer.org/doc/01-basic-usage.md#composer-lock-the-lock-file",
        "This file is @generated automatically"
    ],
    "hash": "e52fb14a539deb15d3862abe8ac70639",
    "content-hash": "59b024d6125b1e8d827fafeb756f4ff5",
    "packages": [
        {
            "name": "christian-riesen/base32",
            "version": "1.3.1",
            "source": {
                "type": "git",
                "url": "https://github.com/ChristianRiesen/base32.git",
                "reference": "0a31e50c0fa9b1692d077c86ac188eecdcbaf7fa"
            },
            "dist": {
                "type": "zip",
                "url": "https://api.github.com/repos/ChristianRiesen/base32/zipball/0a31e50c0fa9b1692d077c86ac188eecdcbaf7fa",
                "reference": "0a31e50c0fa9b1692d077c86ac188eecdcbaf7fa",
                "shasum": ""
            },
            "require": {
                "php": ">=5.3.0"
            },
            "require-dev": {
                "phpunit/phpunit": "4.*",
                "satooshi/php-coveralls": "0.*"
            },
            "type": "library",
            "extra": {
                "branch-alias": {
                    "dev-master": "1.1.x-dev"
                }
            },
            "autoload": {
                "psr-4": {
                    "Base32\\": "src/"
                }
            },
            "notification-url": "https://packagist.org/downloads/",
            "license": [
                "MIT"
            ],
            "authors": [
                {
                    "name": "Christian Riesen",
                    "email": "chris.riesen@gmail.com",
                    "homepage": "http://christianriesen.com",
                    "role": "Developer"
                }
            ],
            "description": "Base32 encoder/decoder according to RFC 4648",
            "homepage": "https://github.com/ChristianRiesen/base32",
            "keywords": [
                "base32",
                "decode",
                "encode",
                "rfc4648"
            ],
            "time": "2016-05-05 11:49:03"
        },
        {
            "name": "christian-riesen/otp",
            "version": "2.2.0",
            "source": {
                "type": "git",
                "url": "https://github.com/ChristianRiesen/otp.git",
                "reference": "b441f8338c0375df3e288225acefb943c0b3cb05"
            },
            "dist": {
                "type": "zip",
                "url": "https://api.github.com/repos/ChristianRiesen/otp/zipball/b441f8338c0375df3e288225acefb943c0b3cb05",
                "reference": "b441f8338c0375df3e288225acefb943c0b3cb05",
                "shasum": ""
            },
            "require": {
                "christian-riesen/base32": "^1.0",
                "php": ">=5.4.0"
            },
            "require-dev": {
                "phpunit/phpunit": "^4.8"
            },
            "suggest": {
                "paragonie/random_compat": "Optional polyfill for a more secure random generator for pre PHP7 versions"
            },
            "type": "library",
            "extra": {
                "branch-alias": {
                    "dev-master": "2.x-dev"
                }
            },
            "autoload": {
                "psr-4": {
                    "Otp\\": "src/"
                }
            },
            "notification-url": "https://packagist.org/downloads/",
            "license": [
                "MIT"
            ],
            "authors": [
                {
                    "name": "Christian Riesen",
                    "email": "chris.riesen@gmail.com",
                    "homepage": "http://christianriesen.com",
                    "role": "Developer"
                }
            ],
            "description": "One Time Passwords, hotp and totp according to RFC4226 and RFC6238",
            "homepage": "https://github.com/ChristianRiesen/otp",
            "keywords": [
                "googleauthenticator",
                "hotp",
                "otp",
                "rfc4226",
                "rfc6238",
                "totp"
            ],
            "time": "2016-06-10 14:47:22"
        },
        {
            "name": "matthiasmullie/minify",
            "version": "1.3.35",
            "source": {
                "type": "git",
                "url": "https://github.com/matthiasmullie/minify.git",
                "reference": "3253a81d07cd01afcb651e309900d8ad58a052da"
            },
            "dist": {
                "type": "zip",
                "url": "https://api.github.com/repos/matthiasmullie/minify/zipball/3253a81d07cd01afcb651e309900d8ad58a052da",
                "reference": "3253a81d07cd01afcb651e309900d8ad58a052da",
                "shasum": ""
            },
            "require": {
                "ext-pcre": "*",
                "matthiasmullie/path-converter": "~1.0",
                "php": ">=5.3.0"
            },
            "require-dev": {
                "matthiasmullie/scrapbook": "~1.0",
                "phpunit/phpunit": "~4.8"
            },
            "bin": [
                "bin/minifycss",
                "bin/minifyjs"
            ],
            "type": "library",
            "autoload": {
                "psr-4": {
                    "MatthiasMullie\\Minify\\": "src/"
                }
            },
            "notification-url": "https://packagist.org/downloads/",
            "license": [
                "MIT"
            ],
            "authors": [
                {
                    "name": "Matthias Mullie",
                    "email": "minify@mullie.eu",
                    "homepage": "http://www.mullie.eu",
                    "role": "Developer"
                }
            ],
            "description": "CSS & JS minifier",
            "homepage": "http://www.minifier.org",
            "keywords": [
                "JS",
                "css",
                "javascript",
                "minifier",
                "minify"
            ],
            "time": "2016-06-09 19:35:54"
        },
        {
            "name": "matthiasmullie/path-converter",
            "version": "1.0.8",
            "source": {
                "type": "git",
                "url": "https://github.com/matthiasmullie/path-converter.git",
                "reference": "7c36e5cafa95dd20008d19b153b506cffa8c2848"
            },
            "dist": {
                "type": "zip",
                "url": "https://api.github.com/repos/matthiasmullie/path-converter/zipball/7c36e5cafa95dd20008d19b153b506cffa8c2848",
                "reference": "7c36e5cafa95dd20008d19b153b506cffa8c2848",
                "shasum": ""
            },
            "require": {
                "ext-pcre": "*",
                "php": ">=5.3.0"
            },
            "require-dev": {
                "phpunit/phpunit": "~4.8"
            },
            "type": "library",
            "autoload": {
                "psr-4": {
                    "MatthiasMullie\\PathConverter\\": "src/"
                }
            },
            "notification-url": "https://packagist.org/downloads/",
            "license": [
                "MIT"
            ],
            "authors": [
                {
                    "name": "Matthias Mullie",
                    "email": "pathconverter@mullie.eu",
                    "homepage": "http://www.mullie.eu",
                    "role": "Developer"
                }
            ],
            "description": "Relative path converter",
            "homepage": "http://github.com/matthiasmullie/path-converter",
            "keywords": [
                "converter",
                "path",
                "paths",
                "relative"
            ],
            "time": "2016-04-27 10:38:05"
        },
        {
            "name": "respect/validation",
            "version": "1.1.4",
            "source": {
                "type": "git",
                "url": "https://github.com/Respect/Validation.git",
                "reference": "53b737513b0c4a1253762dd3d1b55e11f09d14a9"
            },
            "dist": {
                "type": "zip",
                "url": "https://api.github.com/repos/Respect/Validation/zipball/53b737513b0c4a1253762dd3d1b55e11f09d14a9",
                "reference": "53b737513b0c4a1253762dd3d1b55e11f09d14a9",
                "shasum": ""
            },
            "require": {
                "php": ">=5.4"
            },
            "require-dev": {
                "egulias/email-validator": "~1.2",
                "malkusch/bav": "~1.0",
                "mikey179/vfsstream": "^1.5",
                "phpunit/phpunit": "~4.0",
                "symfony/validator": "~2.6.9",
                "zendframework/zend-validator": "~2.3"
            },
            "suggest": {
                "egulias/email-validator": "Strict (RFC compliant) email validation",
                "ext-bcmath": "Arbitrary Precision Mathematics",
                "ext-mbstring": "Multibyte String Functions",
                "fabpot/php-cs-fixer": "Fix PSR2 and other coding style issues",
                "malkusch/bav": "German bank account validation",
                "symfony/validator": "Use Symfony validator through Respect\\Validation",
                "zendframework/zend-validator": "Use Zend Framework validator through Respect\\Validation"
            },
            "type": "library",
            "extra": {
                "branch-alias": {
                    "dev-master": "1.1-dev"
                }
            },
            "autoload": {
                "psr-4": {
                    "Respect\\Validation\\": "library/"
                }
            },
            "notification-url": "https://packagist.org/downloads/",
            "license": [
                "BSD Style"
            ],
            "authors": [
                {
                    "name": "Respect/Validation Contributors",
                    "homepage": "https://github.com/Respect/Validation/graphs/contributors"
                }
            ],
            "description": "The most awesome validation engine ever created for PHP",
            "homepage": "http://respect.github.io/Validation/",
            "keywords": [
                "respect",
                "validation",
                "validator"
            ],
            "time": "2016-08-03 09:06:53"
        },
        {
            "name": "swiftmailer/swiftmailer",
            "version": "v5.4.3",
            "source": {
                "type": "git",
                "url": "https://github.com/swiftmailer/swiftmailer.git",
                "reference": "4cc92842069c2bbc1f28daaaf1d2576ec4dfe153"
            },
            "dist": {
                "type": "zip",
                "url": "https://api.github.com/repos/swiftmailer/swiftmailer/zipball/4cc92842069c2bbc1f28daaaf1d2576ec4dfe153",
                "reference": "4cc92842069c2bbc1f28daaaf1d2576ec4dfe153",
                "shasum": ""
            },
            "require": {
                "php": ">=5.3.3"
            },
            "require-dev": {
                "mockery/mockery": "~0.9.1"
            },
            "type": "library",
            "extra": {
                "branch-alias": {
                    "dev-master": "5.4-dev"
                }
            },
            "autoload": {
                "files": [
                    "lib/swift_required.php"
                ]
            },
            "notification-url": "https://packagist.org/downloads/",
            "license": [
                "MIT"
            ],
            "authors": [
                {
                    "name": "Chris Corbyn"
                },
                {
                    "name": "Fabien Potencier",
                    "email": "fabien@symfony.com"
                }
            ],
            "description": "Swiftmailer, free feature-rich PHP mailer",
            "homepage": "http://swiftmailer.org",
            "keywords": [
                "email",
                "mail",
                "mailer"
            ],
            "time": "2016-07-08 11:51:25"
        }
    ],
    "packages-dev": [],
    "aliases": [],
    "minimum-stability": "stable",
    "stability-flags": [],
    "prefer-stable": false,
    "prefer-lowest": false,
    "platform": [],
    "platform-dev": []
}
